
Microsoft Visual Studio Solution File, Format Version 12.00
# Visual Studio Version 17
VisualStudioVersion = 17.10.35013.160
MinimumVisualStudioVersion = 10.0.40219.1
Project("{FAE04EC0-301F-11D3-BF4B-00C04F79EFBC}") = "COMP3404-Client", "COMP3404-Client\COMP3404-Client.csproj", "{D188FA8A-6E4A-4819-BAF0-0A951960C718}"
EndProject
Global
	GlobalSection(SolutionConfigurationPlatforms) = preSolution
		Debug|Any CPU = Debug|Any CPU
		Release|Any CPU = Release|Any CPU
	EndGlobalSection
	GlobalSection(ProjectConfigurationPlatforms) = postSolution
		{D188FA8A-6E4A-4819-BAF0-0A951960C718}.Debug|Any CPU.ActiveCfg = Debug|Any CPU
		{D188FA8A-6E4A-4819-BAF0-0A951960C718}.Debug|Any CPU.Build.0 = Debug|Any CPU
		{D188FA8A-6E4A-4819-BAF0-0A951960C718}.Debug|Any CPU.Deploy.0 = Debug|Any CPU
		{D188FA8A-6E4A-4819-BAF0-0A951960C718}.Release|Any CPU.ActiveCfg = Release|Any CPU
		{D188FA8A-6E4A-4819-BAF0-0A951960C718}.Release|Any CPU.Build.0 = Release|Any CPU
		{D188FA8A-6E4A-4819-BAF0-0A951960C718}.Release|Any CPU.Deploy.0 = Release|Any CPU
	EndGlobalSection
	GlobalSection(SolutionProperties) = preSolution
		HideSolutionNode = FALSE
	EndGlobalSection
	GlobalSection(ExtensibilityGlobals) = postSolution
		SolutionGuid = {41EB9010-0ECD-4C1C-9547-318459994F95}
	EndGlobalSection
EndGlobal
